{
  "version": 4,
  "terraform_version": "1.4.6",
  "serial": 44,
  "lineage": "2a565b8e-e5f1-7b1f-7593-4e07eb5135e7",
  "outputs": {},
  "resources": [
    {
      "mode": "data",
      "type": "yandex_compute_image",
      "name": "last_ubuntu",
      "provider": "provider[\"registry.terraform.io/yandex-cloud/yandex\"]",
      "instances": [
        {
          "schema_version": 0,
          "attributes": {
            "created_at": "2023-05-15T10:51:23Z",
            "description": "ubuntu 22.04 lts",
            "family": "ubuntu-2204-lts",
            "folder_id": "standard-images",
            "id": "fd8oj81nr2fsj5bn9dq4",
            "image_id": "fd8oj81nr2fsj5bn9dq4",
            "labels": {},
            "min_disk_size": 8,
            "name": "ubuntu-22-04-lts-v20230515",
            "os_type": "linux",
            "pooled": true,
            "product_ids": [
              "f2ergggc7u5c9r8cl2ul"
            ],
            "size": 7,
            "status": "ready"
          },
          "sensitive_attributes": []
        }
      ]
    },
    {
      "mode": "data",
      "type": "yandex_vpc_subnet",
      "name": "default_a",
      "provider": "provider[\"registry.terraform.io/yandex-cloud/yandex\"]",
      "instances": [
        {
          "schema_version": 0,
          "attributes": {
            "created_at": "2023-05-13T15:45:31Z",
            "description": "",
            "dhcp_options": [],
            "folder_id": "b1g5al4i33kri603g6g2",
            "id": "e2lbgmo6pfqe3b6q4oqk",
            "labels": {},
            "name": "default-ru-central1-b",
            "network_id": "enpjfalu8egt2al68h42",
            "route_table_id": "",
            "subnet_id": "e2lbgmo6pfqe3b6q4oqk",
            "v4_cidr_blocks": [
              "10.129.0.0/24"
            ],
            "v6_cidr_blocks": [],
            "zone": "ru-central1-b"
          },
          "sensitive_attributes": []
        }
      ]
    },
    {
      "mode": "managed",
      "type": "yandex_compute_instance",
      "name": "default",
      "provider": "provider[\"registry.terraform.io/yandex-cloud/yandex\"]",
      "instances": [
        {
          "schema_version": 1,
          "attributes": {
            "allow_recreate": null,
            "allow_stopping_for_update": null,
            "boot_disk": [
              {
                "auto_delete": true,
                "device_name": "epdk4ikj7q15oneejqvv",
                "disk_id": "epdk4ikj7q15oneejqvv",
                "initialize_params": [
                  {
                    "block_size": 4096,
                    "description": "",
                    "image_id": "fd8oj81nr2fsj5bn9dq4",
                    "name": "",
                    "size": 10,
                    "snapshot_id": "",
                    "type": "network-hdd"
                  }
                ],
                "mode": "READ_WRITE"
              }
            ],
            "created_at": "2023-05-15T18:00:56Z",
            "description": "",
            "filesystem": [],
            "folder_id": "b1g5al4i33kri603g6g2",
            "fqdn": "epdosmo2fu3698mh4scn.auto.internal",
            "gpu_cluster_id": "",
            "hostname": "",
            "id": "epdosmo2fu3698mh4scn",
            "labels": null,
            "local_disk": [],
            "metadata": {
              "ssh-keys": "vagrant:ssh-rsa AAAAB3NzaC1yc2EAAAADAQABAAABgQCqwuu1Lv1IGOXoKVzToStKGZ+KA+ZUarFqN3HO7SFM9TOZJuy+ExL5lvsYa1WBCGLWBmatYPyQQfPX+aHGRUgrieFAEOjcWL1ZRVp57BScxVp5BAzZf2vS5oTAuH+QHZ37hc21lpOkmqW2jJNoGKyuroeSOXgCEkn3dpS20dji30QNxMehbIpo4eBmrg5QTfFqBmb16G8hbv1zgdvjg33AViXudZOUtAsYsmX5+4rfSMrnBcbU7hpraxGJ7l/LjyPa3JhndWDKUEd+pnUlsZHa5On9//jpNxtHD763XTItdX1gg/luuHrk7MFaOIRI6ZzsMow2DQjknth01Do3d6L1PezIZX3J2aHN78XyrDw1D8kMcOmz/yO9E7v8MoJCv6Meztk+++dlPxnDpcKpzQHc5g4MA3JVrBJ/UXDx6Xk2eu9Si+Y/tKz+zhRQiydQl9npWN9EkgoX7baeXgo5B+7f3feR7sqt4QfjYHcBjlMYfLD1wOFbf2ZNmQG6TtG25FU= root@localhost.localdomain\n"
            },
            "metadata_options": [
              {
                "aws_v1_http_endpoint": 1,
                "aws_v1_http_token": 2,
                "gce_http_endpoint": 1,
                "gce_http_token": 1
              }
            ],
            "name": "vagrant2",
            "network_acceleration_type": "standard",
            "network_interface": [
              {
                "dns_record": [],
                "index": 0,
                "ip_address": "10.129.0.19",
                "ipv4": true,
                "ipv6": false,
                "ipv6_address": "",
                "ipv6_dns_record": [],
                "mac_address": "d0:0d:18:e5:b0:27",
                "nat": true,
                "nat_dns_record": [],
                "nat_ip_address": "51.250.100.25",
                "nat_ip_version": "IPV4",
                "security_group_ids": [],
                "subnet_id": "e2lbgmo6pfqe3b6q4oqk"
              }
            ],
            "placement_policy": [
              {
                "host_affinity_rules": [],
                "placement_group_id": ""
              }
            ],
            "platform_id": "standard-v3",
            "resources": [
              {
                "core_fraction": 20,
                "cores": 2,
                "gpus": 0,
                "memory": 2
              }
            ],
            "scheduling_policy": [
              {
                "preemptible": false
              }
            ],
            "secondary_disk": [],
            "service_account_id": "",
            "status": "running",
            "timeouts": null,
            "zone": "ru-central1-b"
          },
          "sensitive_attributes": [],
          "private": "eyJlMmJmYjczMC1lY2FhLTExZTYtOGY4OC0zNDM2M2JjN2M0YzAiOnsiY3JlYXRlIjozMDAwMDAwMDAwMDAsImRlbGV0ZSI6MzAwMDAwMDAwMDAwLCJ1cGRhdGUiOjMwMDAwMDAwMDAwMH0sInNjaGVtYV92ZXJzaW9uIjoiMSJ9",
          "dependencies": [
            "data.yandex_compute_image.last_ubuntu",
            "data.yandex_vpc_subnet.default_a"
          ]
        }
      ]
    }
  ],
  "check_results": null
}
